// !$*UTF8*$!
{
	archiveVersion = 1;
	classes = {
	};
	objectVersion = 56;
	objects = {

/* Begin PBXBuildFile section */
		18C21B362A9366BF002786A8 /* AppDelegate.swift in Sources */ = {isa = PBXBuildFile; fileRef = 18C21B352A9366BF002786A8 /* AppDelegate.swift */; };
		18C21B382A9366BF002786A8 /* SceneDelegate.swift in Sources */ = {isa = PBXBuildFile; fileRef = 18C21B372A9366BF002786A8 /* SceneDelegate.swift */; };
		18C21B3F2A9366C0002786A8 /* Assets.xcassets in Resources */ = {isa = PBXBuildFile; fileRef = 18C21B3E2A9366C0002786A8 /* Assets.xcassets */; };
		18C21B422A9366C0002786A8 /* LaunchScreen.storyboard in Resources */ = {isa = PBXBuildFile; fileRef = 18C21B402A9366C0002786A8 /* LaunchScreen.storyboard */; };
		18C21B4D2A9366C1002786A8 /* LiveSendGiftAnimationDemoTests.swift in Sources */ = {isa = PBXBuildFile; fileRef = 18C21B4C2A9366C1002786A8 /* LiveSendGiftAnimationDemoTests.swift */; };
		18C21B572A9366C1002786A8 /* LiveSendGiftAnimationDemoUITests.swift in Sources */ = {isa = PBXBuildFile; fileRef = 18C21B562A9366C1002786A8 /* LiveSendGiftAnimationDemoUITests.swift */; };
		18C21B592A9366C1002786A8 /* LiveSendGiftAnimationDemoUITestsLaunchTests.swift in Sources */ = {isa = PBXBuildFile; fileRef = 18C21B582A9366C1002786A8 /* LiveSendGiftAnimationDemoUITestsLaunchTests.swift */; };
		18C21B6B2A9366E6002786A8 /* HYGiftContainerView.swift in Sources */ = {isa = PBXBuildFile; fileRef = 18C21B662A9366E6002786A8 /* HYGiftContainerView.swift */; };
		18C21B6C2A9366E6002786A8 /* HYGiftChannelView.xib in Resources */ = {isa = PBXBuildFile; fileRef = 18C21B672A9366E6002786A8 /* HYGiftChannelView.xib */; };
		18C21B6D2A9366E6002786A8 /* HYGiftDigitLabel.swift in Sources */ = {isa = PBXBuildFile; fileRef = 18C21B682A9366E6002786A8 /* HYGiftDigitLabel.swift */; };
		18C21B6E2A9366E6002786A8 /* HYGiftModel.swift in Sources */ = {isa = PBXBuildFile; fileRef = 18C21B692A9366E6002786A8 /* HYGiftModel.swift */; };
		18C21B6F2A9366E6002786A8 /* HYGiftChannelView.swift in Sources */ = {isa = PBXBuildFile; fileRef = 18C21B6A2A9366E6002786A8 /* HYGiftChannelView.swift */; };
		18C21B722A93670A002786A8 /* Main.storyboard in Resources */ = {isa = PBXBuildFile; fileRef = 18C21B702A93670A002786A8 /* Main.storyboard */; };
		18C21B732A93670A002786A8 /* ViewController.swift in Sources */ = {isa = PBXBuildFile; fileRef = 18C21B712A93670A002786A8 /* ViewController.swift */; };
/* End PBXBuildFile section */

/* Begin PBXContainerItemProxy section */
		18C21B492A9366C1002786A8 /* PBXContainerItemProxy */ = {
			isa = PBXContainerItemProxy;
			containerPortal = 18C21B2A2A9366BF002786A8 /* Project object */;
			proxyType = 1;
			remoteGlobalIDString = 18C21B312A9366BF002786A8;
			remoteInfo = LiveSendGiftAnimationDemo;
		};
		18C21B532A9366C1002786A8 /* PBXContainerItemProxy */ = {
			isa = PBXContainerItemProxy;
			containerPortal = 18C21B2A2A9366BF002786A8 /* Project object */;
			proxyType = 1;
			remoteGlobalIDString = 18C21B312A9366BF002786A8;
			remoteInfo = LiveSendGiftAnimationDemo;
		};
/* End PBXContainerItemProxy section */

/* Begin PBXFileReference section */
		18C21B322A9366BF002786A8 /* LiveSendGiftAnimationDemo.app */ = {isa = PBXFileReference; explicitFileType = wrapper.application; includeInIndex = 0; path = LiveSendGiftAnimationDemo.app; sourceTree = BUILT_PRODUCTS_DIR; };
		18C21B352A9366BF002786A8 /* AppDelegate.swift */ = {isa = PBXFileReference; lastKnownFileType = sourcecode.swift; path = AppDelegate.swift; sourceTree = "<group>"; };
		18C21B372A9366BF002786A8 /* SceneDelegate.swift */ = {isa = PBXFileReference; lastKnownFileType = sourcecode.swift; path = SceneDelegate.swift; sourceTree = "<group>"; };
		18C21B3E2A9366C0002786A8 /* Assets.xcassets */ = {isa = PBXFileReference; lastKnownFileType = folder.assetcatalog; path = Assets.xcassets; sourceTree = "<group>"; };
		18C21B412A9366C0002786A8 /* Base */ = {isa = PBXFileReference; lastKnownFileType = file.storyboard; name = Base; path = Base.lproj/LaunchScreen.storyboard; sourceTree = "<group>"; };
		18C21B432A9366C0002786A8 /* Info.plist */ = {isa = PBXFileReference; lastKnownFileType = text.plist.xml; path = Info.plist; sourceTree = "<group>"; };
		18C21B482A9366C1002786A8 /* LiveSendGiftAnimationDemoTests.xctest */ = {isa = PBXFileReference; explicitFileType = wrapper.cfbundle; includeInIndex = 0; path = LiveSendGiftAnimationDemoTests.xctest; sourceTree = BUILT_PRODUCTS_DIR; };
		18C21B4C2A9366C1002786A8 /* LiveSendGiftAnimationDemoTests.swift */ = {isa = PBXFileReference; lastKnownFileType = sourcecode.swift; path = LiveSendGiftAnimationDemoTests.swift; sourceTree = "<group>"; };
		18C21B522A9366C1002786A8 /* LiveSendGiftAnimationDemoUITests.xctest */ = {isa = PBXFileReference; explicitFileType = wrapper.cfbundle; includeInIndex = 0; path = LiveSendGiftAnimationDemoUITests.xctest; sourceTree = BUILT_PRODUCTS_DIR; };
		18C21B562A9366C1002786A8 /* LiveSendGiftAnimationDemoUITests.swift */ = {isa = PBXFileReference; lastKnownFileType = sourcecode.swift; path = LiveSendGiftAnimationDemoUITests.swift; sourceTree = "<group>"; };
		18C21B582A9366C1002786A8 /* LiveSendGiftAnimationDemoUITestsLaunchTests.swift */ = {isa = PBXFileReference; lastKnownFileType = sourcecode.swift; path = LiveSendGiftAnimationDemoUITestsLaunchTests.swift; sourceTree = "<group>"; };
		18C21B662A9366E6002786A8 /* HYGiftContainerView.swift */ = {isa = PBXFileReference; fileEncoding = 4; lastKnownFileType = sourcecode.swift; path = HYGiftContainerView.swift; sourceTree = "<group>"; };
		18C21B672A9366E6002786A8 /* HYGiftChannelView.xib */ = {isa = PBXFileReference; fileEncoding = 4; lastKnownFileType = file.xib; path = HYGiftChannelView.xib; sourceTree = "<group>"; };
		18C21B682A9366E6002786A8 /* HYGiftDigitLabel.swift */ = {isa = PBXFileReference; fileEncoding = 4; lastKnownFileType = sourcecode.swift; path = HYGiftDigitLabel.swift; sourceTree = "<group>"; };
		18C21B692A9366E6002786A8 /* HYGiftModel.swift */ = {isa = PBXFileReference; fileEncoding = 4; lastKnownFileType = sourcecode.swift; path = HYGiftModel.swift; sourceTree = "<group>"; };
		18C21B6A2A9366E6002786A8 /* HYGiftChannelView.swift */ = {isa = PBXFileReference; fileEncoding = 4; lastKnownFileType = sourcecode.swift; path = HYGiftChannelView.swift; sourceTree = "<group>"; };
		18C21B702A93670A002786A8 /* Main.storyboard */ = {isa = PBXFileReference; fileEncoding = 4; lastKnownFileType = file.storyboard; path = Main.storyboard; sourceTree = "<group>"; };
		18C21B712A93670A002786A8 /* ViewController.swift */ = {isa = PBXFileReference; fileEncoding = 4; lastKnownFileType = sourcecode.swift; path = ViewController.swift; sourceTree = "<group>"; };
/* End PBXFileReference section */

/* Begin PBXFrameworksBuildPhase section */
		18C21B2F2A9366BF002786A8 /* Frameworks */ = {
			isa = PBXFrameworksBuildPhase;
			buildActionMask = 2147483647;
			files = (
			);
			runOnlyForDeploymentPostprocessing = 0;
		};
		18C21B452A9366C1002786A8 /* Frameworks */ = {
			isa = PBXFrameworksBuildPhase;
			buildActionMask = 2147483647;
			files = (
			);
			runOnlyForDeploymentPostprocessing = 0;
		};
		18C21B4F2A9366C1002786A8 /* Frameworks */ = {
			isa = PBXFrameworksBuildPhase;
			buildActionMask = 2147483647;
			files = (
			);
			runOnlyForDeploymentPostprocessing = 0;
		};
/* End PBXFrameworksBuildPhase section */

/* Begin PBXGroup section */
		18C21B292A9366BF002786A8 = {
			isa = PBXGroup;
			children = (
				18C21B342A9366BF002786A8 /* LiveSendGiftAnimationDemo */,
				18C21B4B2A9366C1002786A8 /* LiveSendGiftAnimationDemoTests */,
				18C21B552A9366C1002786A8 /* LiveSendGiftAnimationDemoUITests */,
				18C21B332A9366BF002786A8 /* Products */,
			);
			sourceTree = "<group>";
		};
		18C21B332A9366BF002786A8 /* Products */ = {
			isa = PBXGroup;
			children = (
				18C21B322A9366BF002786A8 /* LiveSendGiftAnimationDemo.app */,
				18C21B482A9366C1002786A8 /* LiveSendGiftAnimationDemoTests.xctest */,
				18C21B522A9366C1002786A8 /* LiveSendGiftAnimationDemoUITests.xctest */,
			);
			name = Products;
			sourceTree = "<group>";
		};
		18C21B342A9366BF002786A8 /* LiveSendGiftAnimationDemo */ = {
			isa = PBXGroup;
			children = (
				18C21B652A9366E6002786A8 /* GiftAnimation */,
				18C21B352A9366BF002786A8 /* AppDelegate.swift */,
				18C21B372A9366BF002786A8 /* SceneDelegate.swift */,
				18C21B702A93670A002786A8 /* Main.storyboard */,
				18C21B712A93670A002786A8 /* ViewController.swift */,
				18C21B3E2A9366C0002786A8 /* Assets.xcassets */,
				18C21B402A9366C0002786A8 /* LaunchScreen.storyboard */,
				18C21B432A9366C0002786A8 /* Info.plist */,
			);
			path = LiveSendGiftAnimationDemo;
			sourceTree = "<group>";
		};
		18C21B4B2A9366C1002786A8 /* LiveSendGiftAnimationDemoTests */ = {
			isa = PBXGroup;
			children = (
				18C21B4C2A9366C1002786A8 /* LiveSendGiftAnimationDemoTests.swift */,
			);
			path = LiveSendGiftAnimationDemoTests;
			sourceTree = "<group>";
		};
		18C21B552A9366C1002786A8 /* LiveSendGiftAnimationDemoUITests */ = {
			isa = PBXGroup;
			children = (
				18C21B562A9366C1002786A8 /* LiveSendGiftAnimationDemoUITests.swift */,
				18C21B582A9366C1002786A8 /* LiveSendGiftAnimationDemoUITestsLaunchTests.swift */,
			);
			path = LiveSendGiftAnimationDemoUITests;
			sourceTree = "<group>";
		};
		18C21B652A9366E6002786A8 /* GiftAnimation */ = {
			isa = PBXGroup;
			children = (
				18C21B662A9366E6002786A8 /* HYGiftContainerView.swift */,
				18C21B672A9366E6002786A8 /* HYGiftChannelView.xib */,
				18C21B682A9366E6002786A8 /* HYGiftDigitLabel.swift */,
				18C21B692A9366E6002786A8 /* HYGiftModel.swift */,
				18C21B6A2A9366E6002786A8 /* HYGiftChannelView.swift */,
			);
			path = GiftAnimation;
			sourceTree = "<group>";
		};
/* End PBXGroup section */

/* Begin PBXNativeTarget section */
		18C21B312A9366BF002786A8 /* LiveSendGiftAnimationDemo */ = {
			isa = PBXNativeTarget;
			buildConfigurationList = 18C21B5C2A9366C1002786A8 /* Build configuration list for PBXNativeTarget "LiveSendGiftAnimationDemo" */;
			buildPhases = (
				18C21B2E2A9366BF002786A8 /* Sources */,
				18C21B2F2A9366BF002786A8 /* Frameworks */,
				18C21B302A9366BF002786A8 /* Resources */,
			);
			buildRules = (
			);
			dependencies = (
			);
			name = LiveSendGiftAnimationDemo;
			productName = LiveSendGiftAnimationDemo;
			productReference = 18C21B322A9366BF002786A8 /* LiveSendGiftAnimationDemo.app */;
			productType = "com.apple.product-type.application";
		};
		18C21B472A9366C1002786A8 /* LiveSendGiftAnimationDemoTests */ = {
			isa = PBXNativeTarget;
			buildConfigurationList = 18C21B5F2A9366C1002786A8 /* Build configuration list for PBXNativeTarget "LiveSendGiftAnimationDemoTests" */;
			buildPhases = (
				18C21B442A9366C1002786A8 /* Sources */,
				18C21B452A9366C1002786A8 /* Frameworks */,
				18C21B462A9366C1002786A8 /* Resources */,
			);
			buildRules = (
			);
			dependencies = (
				18C21B4A2A9366C1002786A8 /* PBXTargetDependency */,
			);
			name = LiveSendGiftAnimationDemoTests;
			productName = LiveSendGiftAnimationDemoTests;
			productReference = 18C21B482A9366C1002786A8 /* LiveSendGiftAnimationDemoTests.xctest */;
			productType = "com.apple.product-type.bundle.unit-test";
		};
		18C21B512A9366C1002786A8 /* LiveSendGiftAnimationDemoUITests */ = {
			isa = PBXNativeTarget;
			buildConfigurationList = 18C21B622A9366C1002786A8 /* Build configuration list for PBXNativeTarget "LiveSendGiftAnimationDemoUITests" */;
			buildPhases = (
				18C21B4E2A9366C1002786A8 /* Sources */,
				18C21B4F2A9366C1002786A8 /* Frameworks */,
				18C21B502A9366C1002786A8 /* Resources */,
			);
			buildRules = (
			);
			dependencies = (
				18C21B542A9366C1002786A8 /* PBXTargetDependency */,
			);
			name = LiveSendGiftAnimationDemoUITests;
			productName = LiveSendGiftAnimationDemoUITests;
			productReference = 18C21B522A9366C1002786A8 /* LiveSendGiftAnimationDemoUITests.xctest */;
			productType = "com.apple.product-type.bundle.ui-testing";
		};
/* End PBXNativeTarget section */

/* Begin PBXProject section */
		18C21B2A2A9366BF002786A8 /* Project object */ = {
			isa = PBXProject;
			attributes = {
				BuildIndependentTargetsInParallel = 1;
				LastSwiftUpdateCheck = 1420;
				LastUpgradeCheck = 1420;
				TargetAttributes = {
					18C21B312A9366BF002786A8 = {
						CreatedOnToolsVersion = 14.2;
					};
					18C21B472A9366C1002786A8 = {
						CreatedOnToolsVersion = 14.2;
						TestTargetID = 18C21B312A9366BF002786A8;
					};
					18C21B512A9366C1002786A8 = {
						CreatedOnToolsVersion = 14.2;
						TestTargetID = 18C21B312A9366BF002786A8;
					};
				};
			};
			buildConfigurationList = 18C21B2D2A9366BF002786A8 /* Build configuration list for PBXProject "LiveSendGiftAnimationDemo" */;
			compatibilityVersion = "Xcode 14.0";
			developmentRegion = en;
			hasScannedForEncodings = 0;
			knownRegions = (
				en,
				Base,
			);
			mainGroup = 18C21B292A9366BF002786A8;
			productRefGroup = 18C21B332A9366BF002786A8 /* Products */;
			projectDirPath = "";
			projectRoot = "";
			targets = (
				18C21B312A9366BF002786A8 /* LiveSendGiftAnimationDemo */,
				18C21B472A9366C1002786A8 /* LiveSendGiftAnimationDemoTests */,
				18C21B512A9366C1002786A8 /* LiveSendGiftAnimationDemoUITests */,
			);
		};
/* End PBXProject section */

/* Begin PBXResourcesBuildPhase section */
		18C21B302A9366BF002786A8 /* Resources */ = {
			isa = PBXResourcesBuildPhase;
			buildActionMask = 2147483647;
			files = (
				18C21B422A9366C0002786A8 /* LaunchScreen.storyboard in Resources */,
				18C21B6C2A9366E6002786A8 /* HYGiftChannelView.xib in Resources */,
				18C21B3F2A9366C0002786A8 /* Assets.xcassets in Resources */,
				18C21B722A93670A002786A8 /* Main.storyboard in Resources */,
			);
			runOnlyForDeploymentPostprocessing = 0;
		};
		18C21B462A9366C1002786A8 /* Resources */ = {
			isa = PBXResourcesBuildPhase;
			buildActionMask = 2147483647;
			files = (
			);
			runOnlyForDeploymentPostprocessing = 0;
		};
		18C21B502A9366C1002786A8 /* Resources */ = {
			isa = PBXResourcesBuildPhase;
			buildActionMask = 2147483647;
			files = (
			);
			runOnlyForDeploymentPostprocessing = 0;
		};
/* End PBXResourcesBuildPhase section */

/* Begin PBXSourcesBuildPhase section */
		18C21B2E2A9366BF002786A8 /* Sources */ = {
			isa = PBXSourcesBuildPhase;
			buildActionMask = 2147483647;
			files = (
				18C21B6F2A9366E6002786A8 /* HYGiftChannelView.swift in Sources */,
				18C21B6E2A9366E6002786A8 /* HYGiftModel.swift in Sources */,
				18C21B6B2A9366E6002786A8 /* HYGiftContainerView.swift in Sources */,
				18C21B6D2A9366E6002786A8 /* HYGiftDigitLabel.swift in Sources */,
				18C21B732A93670A002786A8 /* ViewController.swift in Sources */,
				18C21B362A9366BF002786A8 /* AppDelegate.swift in Sources */,
				18C21B382A9366BF002786A8 /* SceneDelegate.swift in Sources */,
			);
			runOnlyForDeploymentPostprocessing = 0;
		};
		18C21B442A9366C1002786A8 /* Sources */ = {
			isa = PBXSourcesBuildPhase;
			buildActionMask = 2147483647;
			files = (
				18C21B4D2A9366C1002786A8 /* LiveSendGiftAnimationDemoTests.swift in Sources */,
			);
			runOnlyForDeploymentPostprocessing = 0;
		};
		18C21B4E2A9366C1002786A8 /* Sources */ = {
			isa = PBXSourcesBuildPhase;
			buildActionMask = 2147483647;
			files = (
				18C21B592A9366C1002786A8 /* LiveSendGiftAnimationDemoUITestsLaunchTests.swift in Sources */,
				18C21B572A9366C1002786A8 /* LiveSendGiftAnimationDemoUITests.swift in Sources */,
			);
			runOnlyForDeploymentPostprocessing = 0;
		};
/* End PBXSourcesBuildPhase section */

/* Begin PBXTargetDependency section */
		18C21B4A2A9366C1002786A8 /* PBXTargetDependency */ = {
			isa = PBXTargetDependency;
			target = 18C21B312A9366BF002786A8 /* LiveSendGiftAnimationDemo */;
			targetProxy = 18C21B492A9366C1002786A8 /* PBXContainerItemProxy */;
		};
		18C21B542A9366C1002786A8 /* PBXTargetDependency */ = {
			isa = PBXTargetDependency;
			target = 18C21B312A9366BF002786A8 /* LiveSendGiftAnimationDemo */;
			targetProxy = 18C21B532A9366C1002786A8 /* PBXContainerItemProxy */;
		};
/* End PBXTargetDependency section */

/* Begin PBXVariantGroup section */
		18C21B402A9366C0002786A8 /* LaunchScreen.storyboard */ = {
			isa = PBXVariantGroup;
			children = (
				18C21B412A9366C0002786A8 /* Base */,
			);
			name = LaunchScreen.storyboard;
			sourceTree = "<group>";
		};
/* End PBXVariantGroup section */

/* Begin XCBuildConfiguration section */
		18C21B5A2A9366C1002786A8 /* Debug */ = {
			isa = XCBuildConfiguration;
			buildSettings = {
				ALWAYS_SEARCH_USER_PATHS = NO;
				CLANG_ANALYZER_NONNULL = YES;
				CLANG_ANALYZER_NUMBER_OBJECT_CONVERSION = YES_AGGRESSIVE;
				CLANG_CXX_LANGUAGE_STANDARD = "gnu++20";
				CLANG_ENABLE_MODULES = YES;
				CLANG_ENABLE_OBJC_ARC = YES;
				CLANG_ENABLE_OBJC_WEAK = YES;
				CLANG_WARN_BLOCK_CAPTURE_AUTORELEASING = YES;
				CLANG_WARN_BOOL_CONVERSION = YES;
				CLANG_WARN_COMMA = YES;
				CLANG_WARN_CONSTANT_CONVERSION = YES;
				CLANG_WARN_DEPRECATED_OBJC_IMPLEMENTATIONS = YES;
				CLANG_WARN_DIRECT_OBJC_ISA_USAGE = YES_ERROR;
				CLANG_WARN_DOCUMENTATION_COMMENTS = YES;
				CLANG_WARN_EMPTY_BODY = YES;
				CLANG_WARN_ENUM_CONVERSION = YES;
				CLANG_WARN_INFINITE_RECURSION = YES;
				CLANG_WARN_INT_CONVERSION = YES;
				CLANG_WARN_NON_LITERAL_NULL_CONVERSION = YES;
				CLANG_WARN_OBJC_IMPLICIT_RETAIN_SELF = YES;
				CLANG_WARN_OBJC_LITERAL_CONVERSION = YES;
				CLANG_WARN_OBJC_ROOT_CLASS = YES_ERROR;
				CLANG_WARN_QUOTED_INCLUDE_IN_FRAMEWORK_HEADER = YES;
				CLANG_WARN_RANGE_LOOP_ANALYSIS = YES;
				CLANG_WARN_STRICT_PROTOTYPES = YES;
				CLANG_WARN_SUSPICIOUS_MOVE = YES;
				CLANG_WARN_UNGUARDED_AVAILABILITY = YES_AGGRESSIVE;
				CLANG_WARN_UNREACHABLE_CODE = YES;
				CLANG_WARN__DUPLICATE_METHOD_MATCH = YES;
				COPY_PHASE_STRIP = NO;
				DEBUG_INFORMATION_FORMAT = dwarf;
				ENABLE_STRICT_OBJC_MSGSEND = YES;
				ENABLE_TESTABILITY = YES;
				GCC_C_LANGUAGE_STANDARD = gnu11;
				GCC_DYNAMIC_NO_PIC = NO;
				GCC_NO_COMMON_BLOCKS = YES;
				GCC_OPTIMIZATION_LEVEL = 0;
				GCC_PREPROCESSOR_DEFINITIONS = (
					"DEBUG=1",
					"$(inherited)",
				);
				GCC_WARN_64_TO_32_BIT_CONVERSION = YES;
				GCC_WARN_ABOUT_RETURN_TYPE = YES_ERROR;
				GCC_WARN_UNDECLARED_SELECTOR = YES;
				GCC_WARN_UNINITIALIZED_AUTOS = YES_AGGRESSIVE;
				GCC_WARN_UNUSED_FUNCTION = YES;
				GCC_WARN_UNUSED_VARIABLE = YES;
				IPHONEOS_DEPLOYMENT_TARGET = 16.2;
				MTL_ENABLE_DEBUG_INFO = INCLUDE_SOURCE;
				MTL_FAST_MATH = YES;
				ONLY_ACTIVE_ARCH = YES;
				SDKROOT = iphoneos;
				SWIFT_ACTIVE_COMPILATION_CONDITIONS = DEBUG;
				SWIFT_OPTIMIZATION_LEVEL = "-Onone";
			};
			name = Debug;
		};
		18C21B5B2A9366C1002786A8 /* Release */ = {
			isa = XCBuildConfiguration;
			buildSettings = {
				ALWAYS_SEARCH_USER_PATHS = NO;
				CLANG_ANALYZER_NONNULL = YES;
				CLANG_ANALYZER_NUMBER_OBJECT_CONVERSION = YES_AGGRESSIVE;
				CLANG_CXX_LANGUAGE_STANDARD = "gnu++20";
				CLANG_ENABLE_MODULES = YES;
				CLANG_ENABLE_OBJC_ARC = YES;
				CLANG_ENABLE_OBJC_WEAK = YES;
				CLANG_WARN_BLOCK_CAPTURE_AUTORELEASING = YES;
				CLANG_WARN_BOOL_CONVERSION = YES;
				CLANG_WARN_COMMA = YES;
				CLANG_WARN_CONSTANT_CONVERSION = YES;
				CLANG_WARN_DEPRECATED_OBJC_IMPLEMENTATIONS = YES;
				CLANG_WARN_DIRECT_OBJC_ISA_USAGE = YES_ERROR;
				CLANG_WARN_DOCUMENTATION_COMMENTS = YES;
				CLANG_WARN_EMPTY_BODY = YES;
				CLANG_WARN_ENUM_CONVERSION = YES;
				CLANG_WARN_INFINITE_RECURSION = YES;
				CLANG_WARN_INT_CONVERSION = YES;
				CLANG_WARN_NON_LITERAL_NULL_CONVERSION = YES;
				CLANG_WARN_OBJC_IMPLICIT_RETAIN_SELF = YES;
				CLANG_WARN_OBJC_LITERAL_CONVERSION = YES;
				CLANG_WARN_OBJC_ROOT_CLASS = YES_ERROR;
				CLANG_WARN_QUOTED_INCLUDE_IN_FRAMEWORK_HEADER = YES;
				CLANG_WARN_RANGE_LOOP_ANALYSIS = YES;
				CLANG_WARN_STRICT_PROTOTYPES = YES;
				CLANG_WARN_SUSPICIOUS_MOVE = YES;
				CLANG_WARN_UNGUARDED_AVAILABILITY = YES_AGGRESSIVE;
				CLANG_WARN_UNREACHABLE_CODE = YES;
				CLANG_WARN__DUPLICATE_METHOD_MATCH = YES;
				COPY_PHASE_STRIP = NO;
				DEBUG_INFORMATION_FORMAT = "dwarf-with-dsym";
				ENABLE_NS_ASSERTIONS = NO;
				ENABLE_STRICT_OBJC_MSGSEND = YES;
				GCC_C_LANGUAGE_STANDARD = gnu11;
				GCC_NO_COMMON_BLOCKS = YES;
				GCC_WARN_64_TO_32_BIT_CONVERSION = YES;
				GCC_WARN_ABOUT_RETURN_TYPE = YES_ERROR;
				GCC_WARN_UNDECLARED_SELECTOR = YES;
				GCC_WARN_UNINITIALIZED_AUTOS = YES_AGGRESSIVE;
				GCC_WARN_UNUSED_FUNCTION = YES;
				GCC_WARN_UNUSED_VARIABLE = YES;
				IPHONEOS_DEPLOYMENT_TARGET = 16.2;
				MTL_ENABLE_DEBUG_INFO = NO;
				MTL_FAST_MATH = YES;
				SDKROOT = iphoneos;
				SWIFT_COMPILATION_MODE = wholemodule;
				SWIFT_OPTIMIZATION_LEVEL = "-O";
				VALIDATE_PRODUCT = YES;
			};
			name = Release;
		};
		18C21B5D2A9366C1002786A8 /* Debug */ = {
			isa = XCBuildConfiguration;
			buildSettings = {
				ASSETCATALOG_COMPILER_APPICON_NAME = AppIcon;
				ASSETCATALOG_COMPILER_GLOBAL_ACCENT_COLOR_NAME = AccentColor;
				CODE_SIGN_STYLE = Automatic;
				CURRENT_PROJECT_VERSION = 1;
				GENERATE_INFOPLIST_FILE = YES;
				INFOPLIST_FILE = LiveSendGiftAnimationDemo/Info.plist;
				INFOPLIST_KEY_UIApplicationSupportsIndirectInputEvents = YES;
				INFOPLIST_KEY_UILaunchStoryboardName = LaunchScreen;
				INFOPLIST_KEY_UIMainStoryboardFile = Main;
				INFOPLIST_KEY_UISupportedInterfaceOrientations_iPad = "UIInterfaceOrientationPortrait UIInterfaceOrientationPortraitUpsideDown UIInterfaceOrientationLandscapeLeft UIInterfaceOrientationLandscapeRight";
				INFOPLIST_KEY_UISupportedInterfaceOrientations_iPhone = "UIInterfaceOrientationPortrait UIInterfaceOrientationLandscapeLeft UIInterfaceOrientationLandscapeRight";
				LD_RUNPATH_SEARCH_PATHS = (
					"$(inherited)",
					"@executable_path/Frameworks",
				);
				MARKETING_VERSION = 1.0;
				PRODUCT_BUNDLE_IDENTIFIER = com.apple.LiveSendGiftAnimationDemo;
				PRODUCT_NAME = "$(TARGET_NAME)";
				SWIFT_EMIT_LOC_STRINGS = YES;
				SWIFT_VERSION = 5.0;
				TARGETED_DEVICE_FAMILY = "1,2";
			};
			name = Debug;
		};
		18C21B5E2A9366C1002786A8 /* Release */ = {
			isa = XCBuildConfiguration;
			buildSettings = {
				ASSETCATALOG_COMPILER_APPICON_NAME = AppIcon;
				ASSETCATALOG_COMPILER_GLOBAL_ACCENT_COLOR_NAME = AccentColor;
				CODE_SIGN_STYLE = Automatic;
				CURRENT_PROJECT_VERSION = 1;
				GENERATE_INFOPLIST_FILE = YES;
				INFOPLIST_FILE = LiveSendGiftAnimationDemo/Info.plist;
				INFOPLIST_KEY_UIApplicationSupportsIndirectInputEvents = YES;
				INFOPLIST_KEY_UILaunchStoryboardName = LaunchScreen;
				INFOPLIST_KEY_UIMainStoryboardFile = Main;
				INFOPLIST_KEY_UISupportedInterfaceOrientations_iPad = "UIInterfaceOrientationPortrait UIInterfaceOrientationPortraitUpsideDown UIInterfaceOrientationLandscapeLeft UIInterfaceOrientationLandscapeRight";
				INFOPLIST_KEY_UISupportedInterfaceOrientations_iPhone = "UIInterfaceOrientationPortrait UIInterfaceOrientationLandscapeLeft UIInterfaceOrientationLandscapeRight";
				LD_RUNPATH_SEARCH_PATHS = (
					"$(inherited)",
					"@executable_path/Frameworks",
				);
				MARKETING_VERSION = 1.0;
				PRODUCT_BUNDLE_IDENTIFIER = com.apple.LiveSendGiftAnimationDemo;
				PRODUCT_NAME = "$(TARGET_NAME)";
				SWIFT_EMIT_LOC_STRINGS = YES;
				SWIFT_VERSION = 5.0;
				TARGETED_DEVICE_FAMILY = "1,2";
			};
			name = Release;
		};
		18C21B602A9366C1002786A8 /* Debug */ = {
			isa = XCBuildConfiguration;
			buildSettings = {
				ALWAYS_EMBED_SWIFT_STANDARD_LIBRARIES = YES;
				BUNDLE_LOADER = "$(TEST_HOST)";
				CODE_SIGN_STYLE = Automatic;
				CURRENT_PROJECT_VERSION = 1;
				GENERATE_INFOPLIST_FILE = YES;
				IPHONEOS_DEPLOYMENT_TARGET = 16.2;
				MARKETING_VERSION = 1.0;
				PRODUCT_BUNDLE_IDENTIFIER = com.apple.LiveSendGiftAnimationDemoTests;
				PRODUCT_NAME = "$(TARGET_NAME)";
				SWIFT_EMIT_LOC_STRINGS = NO;
				SWIFT_VERSION = 5.0;
				TARGETED_DEVICE_FAMILY = "1,2";
				TEST_HOST = "$(BUILT_PRODUCTS_DIR)/LiveSendGiftAnimationDemo.app/$(BUNDLE_EXECUTABLE_FOLDER_PATH)/LiveSendGiftAnimationDemo";
			};
			name = Debug;
		};
		18C21B612A9366C1002786A8 /* Release */ = {
			isa = XCBuildConfiguration;
			buildSettings = {
				ALWAYS_EMBED_SWIFT_STANDARD_LIBRARIES = YES;
				BUNDLE_LOADER = "$(TEST_HOST)";
				CODE_SIGN_STYLE = Automatic;
				CURRENT_PROJECT_VERSION = 1;
				GENERATE_INFOPLIST_FILE = YES;
				IPHONEOS_DEPLOYMENT_TARGET = 16.2;
				MARKETING_VERSION = 1.0;
				PRODUCT_BUNDLE_IDENTIFIER = com.apple.LiveSendGiftAnimationDemoTests;
				PRODUCT_NAME = "$(TARGET_NAME)";
				SWIFT_EMIT_LOC_STRINGS = NO;
				SWIFT_VERSION = 5.0;
				TARGETED_DEVICE_FAMILY = "1,2";
				TEST_HOST = "$(BUILT_PRODUCTS_DIR)/LiveSendGiftAnimationDemo.app/$(BUNDLE_EXECUTABLE_FOLDER_PATH)/LiveSendGiftAnimationDemo";
			};
			name = Release;
		};
		18C21B632A9366C1002786A8 /* Debug */ = {
			isa = XCBuildConfiguration;
			buildSettings = {
				ALWAYS_EMBED_SWIFT_STANDARD_LIBRARIES = YES;
				CODE_SIGN_STYLE = Automatic;
				CURRENT_PROJECT_VERSION = 1;
				GENERATE_INFOPLIST_FILE = YES;
				MARKETING_VERSION = 1.0;
				PRODUCT_BUNDLE_IDENTIFIER = com.apple.LiveSendGiftAnimationDemoUITests;
				PRODUCT_NAME = "$(TARGET_NAME)";
				SWIFT_EMIT_LOC_STRINGS = NO;
				SWIFT_VERSION = 5.0;
				TARGETED_DEVICE_FAMILY = "1,2";
				TEST_TARGET_NAME = LiveSendGiftAnimationDemo;
			};
			name = Debug;
		};
		18C21B642A9366C1002786A8 /* Release */ = {
			isa = XCBuildConfiguration;
			buildSettings = {
				ALWAYS_EMBED_SWIFT_STANDARD_LIBRARIES = YES;
				CODE_SIGN_STYLE = Automatic;
				CURRENT_PROJECT_VERSION = 1;
				GENERATE_INFOPLIST_FILE = YES;
				MARKETING_VERSION = 1.0;
				PRODUCT_BUNDLE_IDENTIFIER = com.apple.LiveSendGiftAnimationDemoUITests;
				PRODUCT_NAME = "$(TARGET_NAME)";
				SWIFT_EMIT_LOC_STRINGS = NO;
				SWIFT_VERSION = 5.0;
				TARGETED_DEVICE_FAMILY = "1,2";
				TEST_TARGET_NAME = LiveSendGiftAnimationDemo;
			};
			name = Release;
		};
/* End XCBuildConfiguration section */

/* Begin XCConfigurationList section */
		18C21B2D2A9366BF002786A8 /* Build configuration list for PBXProject "LiveSendGiftAnimationDemo" */ = {
			isa = XCConfigurationList;
			buildConfigurations = (
				18C21B5A2A9366C1002786A8 /* Debug */,
				18C21B5B2A9366C1002786A8 /* Release */,
			);
			defaultConfigurationIsVisible = 0;
			defaultConfigurationName = Release;
		};
		18C21B5C2A9366C1002786A8 /* Build configuration list for PBXNativeTarget "LiveSendGiftAnimationDemo" */ = {
			isa = XCConfigurationList;
			buildConfigurations = (
				18C21B5D2A9366C1002786A8 /* Debug */,
				18C21B5E2A9366C1002786A8 /* Release */,
			);
			defaultConfigurationIsVisible = 0;
			defaultConfigurationName = Release;
		};
		18C21B5F2A9366C1002786A8 /* Build configuration list for PBXNativeTarget "LiveSendGiftAnimationDemoTests" */ = {
			isa = XCConfigurationList;
			buildConfigurations = (
				18C21B602A9366C1002786A8 /* Debug */,
				18C21B612A9366C1002786A8 /* Release */,
			);
			defaultConfigurationIsVisible = 0;
			defaultConfigurationName = Release;
		};
		18C21B622A9366C1002786A8 /* Build configuration list for PBXNativeTarget "LiveSendGiftAnimationDemoUITests" */ = {
			isa = XCConfigurationList;
			buildConfigurations = (
				18C21B632A9366C1002786A8 /* Debug */,
				18C21B642A9366C1002786A8 /* Release */,
			);
			defaultConfigurationIsVisible = 0;
			defaultConfigurationName = Release;
		};
/* End XCConfigurationList section */
	};
	rootObject = 18C21B2A2A9366BF002786A8 /* Project object */;
}
